
Microsoft Visual Studio Solution File, Format Version 12.00
# Visual Studio Version 17
VisualStudioVersion = 17.5.33502.453
MinimumVisualStudioVersion = 10.0.40219.1
Project("{9A19103F-16F7-4668-BE54-9A1E7A4F7556}") = "RabbitEmail.Producer", "RabbitEmail.Producer\RabbitEmail.Producer.csproj", "{06B9BABE-38B9-4DD2-8D4D-3775AE257209}"
EndProject
Project("{9A19103F-16F7-4668-BE54-9A1E7A4F7556}") = "RabbitEmail.Shared", "RabbitEmail.Shared\RabbitEmail.Shared.csproj", "{A06BB42D-DDBB-4A99-91FB-A490BA85F4CC}"
EndProject
Project("{9A19103F-16F7-4668-BE54-9A1E7A4F7556}") = "RabbitEmail.Consumer", "RabbitEmail.Consumer\RabbitEmail.Consumer.csproj", "{54FFBFF7-5150-4486-BEC3-2A0235F182D8}"
EndProject
Global
	GlobalSection(SolutionConfigurationPlatforms) = preSolution
		Debug|Any CPU = Debug|Any CPU
		Release|Any CPU = Release|Any CPU
	EndGlobalSection
	GlobalSection(ProjectConfigurationPlatforms) = postSolution
		{06B9BABE-38B9-4DD2-8D4D-3775AE257209}.Debug|Any CPU.ActiveCfg = Debug|Any CPU
		{06B9BABE-38B9-4DD2-8D4D-3775AE257209}.Debug|Any CPU.Build.0 = Debug|Any CPU
		{06B9BABE-38B9-4DD2-8D4D-3775AE257209}.Release|Any CPU.ActiveCfg = Release|Any CPU
		{06B9BABE-38B9-4DD2-8D4D-3775AE257209}.Release|Any CPU.Build.0 = Release|Any CPU
		{A06BB42D-DDBB-4A99-91FB-A490BA85F4CC}.Debug|Any CPU.ActiveCfg = Debug|Any CPU
		{A06BB42D-DDBB-4A99-91FB-A490BA85F4CC}.Debug|Any CPU.Build.0 = Debug|Any CPU
		{A06BB42D-DDBB-4A99-91FB-A490BA85F4CC}.Release|Any CPU.ActiveCfg = Release|Any CPU
		{A06BB42D-DDBB-4A99-91FB-A490BA85F4CC}.Release|Any CPU.Build.0 = Release|Any CPU
		{54FFBFF7-5150-4486-BEC3-2A0235F182D8}.Debug|Any CPU.ActiveCfg = Debug|Any CPU
		{54FFBFF7-5150-4486-BEC3-2A0235F182D8}.Debug|Any CPU.Build.0 = Debug|Any CPU
		{54FFBFF7-5150-4486-BEC3-2A0235F182D8}.Release|Any CPU.ActiveCfg = Release|Any CPU
		{54FFBFF7-5150-4486-BEC3-2A0235F182D8}.Release|Any CPU.Build.0 = Release|Any CPU
	EndGlobalSection
	GlobalSection(SolutionProperties) = preSolution
		HideSolutionNode = FALSE
	EndGlobalSection
	GlobalSection(ExtensibilityGlobals) = postSolution
		SolutionGuid = {05880A57-9CF0-4BBD-9D75-906E202FEE7B}
	EndGlobalSection
EndGlobal
